// !$*UTF8*$!
{
	archiveVersion = 1;
	classes = {
	};
	objectVersion = 46;
	objects = {

/* Begin PBXBuildFile section */
		04C675BA201135B5006463BD /* main.m in Sources */ = {isa = PBXBuildFile; fileRef = 04C675B9201135B5006463BD /* main.m */; };
		04C675BD201135B5006463BD /* AppDelegate.m in Sources */ = {isa = PBXBuildFile; fileRef = 04C675BC201135B5006463BD /* AppDelegate.m */; };
		04C675C5201135B5006463BD /* Assets.xcassets in Resources */ = {isa = PBXBuildFile; fileRef = 04C675C4201135B5006463BD /* Assets.xcassets */; };
		04C675D3201135B6006463BD /* CodingChallengeHiddenFoundersTests.m in Sources */ = {isa = PBXBuildFile; fileRef = 04C675D2201135B6006463BD /* CodingChallengeHiddenFoundersTests.m */; };
		04C675DE201135B9006463BD /* CodingChallengeHiddenFoundersUITests.m in Sources */ = {isa = PBXBuildFile; fileRef = 04C675DD201135B9006463BD /* CodingChallengeHiddenFoundersUITests.m */; };
		04C675F220113730006463BD /* FirstViewController.m in Sources */ = {isa = PBXBuildFile; fileRef = 04C675F020113730006463BD /* FirstViewController.m */; };
		04C675F320113730006463BD /* FirstViewController.xib in Resources */ = {isa = PBXBuildFile; fileRef = 04C675F120113730006463BD /* FirstViewController.xib */; };
		04C675FA20115A16006463BD /* User.m in Sources */ = {isa = PBXBuildFile; fileRef = 04C675F920115A16006463BD /* User.m */; };
		04C675FD20115A2A006463BD /* Repository.m in Sources */ = {isa = PBXBuildFile; fileRef = 04C675FC20115A2A006463BD /* Repository.m */; };
		04C6760020115AB6006463BD /* RepositoryStore.m in Sources */ = {isa = PBXBuildFile; fileRef = 04C675FF20115AB6006463BD /* RepositoryStore.m */; };
		04C6760320115B2C006463BD /* BaseServices.m in Sources */ = {isa = PBXBuildFile; fileRef = 04C6760220115B2C006463BD /* BaseServices.m */; };
		04C6760620115B55006463BD /* Constantes.m in Sources */ = {isa = PBXBuildFile; fileRef = 04C6760520115B55006463BD /* Constantes.m */; };
		04C6760920115BAA006463BD /* RepositoriesService.m in Sources */ = {isa = PBXBuildFile; fileRef = 04C6760820115BAA006463BD /* RepositoriesService.m */; };
		04C6760F20116077006463BD /* UIScrollView+SVInfiniteScrolling.m in Sources */ = {isa = PBXBuildFile; fileRef = 04C6760C20116077006463BD /* UIScrollView+SVInfiniteScrolling.m */; };
		04C6761020116077006463BD /* UIScrollView+SVPullToRefresh.m in Sources */ = {isa = PBXBuildFile; fileRef = 04C6760E20116077006463BD /* UIScrollView+SVPullToRefresh.m */; };
		04C676142011636E006463BD /* default_user.png in Resources */ = {isa = PBXBuildFile; fileRef = 04C676112011636E006463BD /* default_user.png */; };
		04C676152011636E006463BD /* settings.png in Resources */ = {isa = PBXBuildFile; fileRef = 04C676122011636E006463BD /* settings.png */; };
		04C676162011636E006463BD /* star.png in Resources */ = {isa = PBXBuildFile; fileRef = 04C676132011636E006463BD /* star.png */; };
		04C6761A20116609006463BD /* RepositoryCell.m in Sources */ = {isa = PBXBuildFile; fileRef = 04C6761820116609006463BD /* RepositoryCell.m */; };
		04C6761B20116609006463BD /* RepositoryCell.xib in Resources */ = {isa = PBXBuildFile; fileRef = 04C6761920116609006463BD /* RepositoryCell.xib */; };
		04C6761D201167F4006463BD /* Default-568h@2x.png in Resources */ = {isa = PBXBuildFile; fileRef = 04C6761C201167F4006463BD /* Default-568h@2x.png */; };
		284E574AD4F06DB60B6D34E0 /* libPods-CodingChallengeHiddenFounders.a in Frameworks */ = {isa = PBXBuildFile; fileRef = 2CA8E6D4966F1780584072AD /* libPods-CodingChallengeHiddenFounders.a */; };
		928369A68ACC13E38FC51416 /* libPods-CodingChallengeHiddenFoundersTests.a in Frameworks */ = {isa = PBXBuildFile; fileRef = 2DBD6EABA3C101F7A3F7BE95 /* libPods-CodingChallengeHiddenFoundersTests.a */; };
		DAE50DDBACF5A2F45B02B9C9 /* libPods-CodingChallengeHiddenFoundersUITests.a in Frameworks */ = {isa = PBXBuildFile; fileRef = 97CB94A67A7E61C43BEB5919 /* libPods-CodingChallengeHiddenFoundersUITests.a */; };
/* End PBXBuildFile section */

/* Begin PBXContainerItemProxy section */
		04C675CF201135B6006463BD /* PBXContainerItemProxy */ = {
			isa = PBXContainerItemProxy;
			containerPortal = 04C675AD201135B5006463BD /* Project object */;
			proxyType = 1;
			remoteGlobalIDString = 04C675B4201135B5006463BD;
			remoteInfo = CodingChallengeHiddenFounders;
		};
		04C675DA201135B7006463BD /* PBXContainerItemProxy */ = {
			isa = PBXContainerItemProxy;
			containerPortal = 04C675AD201135B5006463BD /* Project object */;
			proxyType = 1;
			remoteGlobalIDString = 04C675B4201135B5006463BD;
			remoteInfo = CodingChallengeHiddenFounders;
		};
/* End PBXContainerItemProxy section */

/* Begin PBXFileReference section */
		04C675B5201135B5006463BD /* CodingChallengeHiddenFounders.app */ = {isa = PBXFileReference; explicitFileType = wrapper.application; includeInIndex = 0; path = CodingChallengeHiddenFounders.app; sourceTree = BUILT_PRODUCTS_DIR; };
		04C675B9201135B5006463BD /* main.m */ = {isa = PBXFileReference; lastKnownFileType = sourcecode.c.objc; path = main.m; sourceTree = "<group>"; };
		04C675BB201135B5006463BD /* AppDelegate.h */ = {isa = PBXFileReference; lastKnownFileType = sourcecode.c.h; path = AppDelegate.h; sourceTree = "<group>"; };
		04C675BC201135B5006463BD /* AppDelegate.m */ = {isa = PBXFileReference; lastKnownFileType = sourcecode.c.objc; path = AppDelegate.m; sourceTree = "<group>"; };
		04C675C4201135B5006463BD /* Assets.xcassets */ = {isa = PBXFileReference; lastKnownFileType = folder.assetcatalog; path = Assets.xcassets; sourceTree = "<group>"; };
		04C675C9201135B5006463BD /* Info.plist */ = {isa = PBXFileReference; lastKnownFileType = text.plist.xml; path = Info.plist; sourceTree = "<group>"; };
		04C675CE201135B6006463BD /* CodingChallengeHiddenFoundersTests.xctest */ = {isa = PBXFileReference; explicitFileType = wrapper.cfbundle; includeInIndex = 0; path = CodingChallengeHiddenFoundersTests.xctest; sourceTree = BUILT_PRODUCTS_DIR; };
		04C675D2201135B6006463BD /* CodingChallengeHiddenFoundersTests.m */ = {isa = PBXFileReference; lastKnownFileType = sourcecode.c.objc; path = CodingChallengeHiddenFoundersTests.m; sourceTree = "<group>"; };
		04C675D4201135B6006463BD /* Info.plist */ = {isa = PBXFileReference; lastKnownFileType = text.plist.xml; path = Info.plist; sourceTree = "<group>"; };
		04C675D9201135B7006463BD /* CodingChallengeHiddenFoundersUITests.xctest */ = {isa = PBXFileReference; explicitFileType = wrapper.cfbundle; includeInIndex = 0; path = CodingChallengeHiddenFoundersUITests.xctest; sourceTree = BUILT_PRODUCTS_DIR; };
		04C675DD201135B9006463BD /* CodingChallengeHiddenFoundersUITests.m */ = {isa = PBXFileReference; lastKnownFileType = sourcecode.c.objc; path = CodingChallengeHiddenFoundersUITests.m; sourceTree = "<group>"; };
		04C675DF201135B9006463BD /* Info.plist */ = {isa = PBXFileReference; lastKnownFileType = text.plist.xml; path = Info.plist; sourceTree = "<group>"; };
		04C675EF20113730006463BD /* FirstViewController.h */ = {isa = PBXFileReference; fileEncoding = 4; lastKnownFileType = sourcecode.c.h; path = FirstViewController.h; sourceTree = "<group>"; };
		04C675F020113730006463BD /* FirstViewController.m */ = {isa = PBXFileReference; fileEncoding = 4; lastKnownFileType = sourcecode.c.objc; path = FirstViewController.m; sourceTree = "<group>"; };
		04C675F120113730006463BD /* FirstViewController.xib */ = {isa = PBXFileReference; fileEncoding = 4; lastKnownFileType = file.xib; path = FirstViewController.xib; sourceTree = "<group>"; };
		04C675F820115A16006463BD /* User.h */ = {isa = PBXFileReference; fileEncoding = 4; lastKnownFileType = sourcecode.c.h; path = User.h; sourceTree = "<group>"; };
		04C675F920115A16006463BD /* User.m */ = {isa = PBXFileReference; fileEncoding = 4; lastKnownFileType = sourcecode.c.objc; path = User.m; sourceTree = "<group>"; };
		04C675FB20115A2A006463BD /* Repository.h */ = {isa = PBXFileReference; fileEncoding = 4; lastKnownFileType = sourcecode.c.h; path = Repository.h; sourceTree = "<group>"; };
		04C675FC20115A2A006463BD /* Repository.m */ = {isa = PBXFileReference; fileEncoding = 4; lastKnownFileType = sourcecode.c.objc; path = Repository.m; sourceTree = "<group>"; };
		04C675FE20115AB6006463BD /* RepositoryStore.h */ = {isa = PBXFileReference; fileEncoding = 4; lastKnownFileType = sourcecode.c.h; path = RepositoryStore.h; sourceTree = "<group>"; };
		04C675FF20115AB6006463BD /* RepositoryStore.m */ = {isa = PBXFileReference; fileEncoding = 4; lastKnownFileType = sourcecode.c.objc; path = RepositoryStore.m; sourceTree = "<group>"; };
		04C6760120115B2C006463BD /* BaseServices.h */ = {isa = PBXFileReference; fileEncoding = 4; lastKnownFileType = sourcecode.c.h; path = BaseServices.h; sourceTree = "<group>"; };
		04C6760220115B2C006463BD /* BaseServices.m */ = {isa = PBXFileReference; fileEncoding = 4; lastKnownFileType = sourcecode.c.objc; path = BaseServices.m; sourceTree = "<group>"; };
		04C6760420115B55006463BD /* Constantes.h */ = {isa = PBXFileReference; fileEncoding = 4; lastKnownFileType = sourcecode.c.h; path = Constantes.h; sourceTree = "<group>"; };
		04C6760520115B55006463BD /* Constantes.m */ = {isa = PBXFileReference; fileEncoding = 4; lastKnownFileType = sourcecode.c.objc; path = Constantes.m; sourceTree = "<group>"; };
		04C6760720115BAA006463BD /* RepositoriesService.h */ = {isa = PBXFileReference; fileEncoding = 4; lastKnownFileType = sourcecode.c.h; path = RepositoriesService.h; sourceTree = "<group>"; };
		04C6760820115BAA006463BD /* RepositoriesService.m */ = {isa = PBXFileReference; fileEncoding = 4; lastKnownFileType = sourcecode.c.objc; path = RepositoriesService.m; sourceTree = "<group>"; };
		04C6760A20116077006463BD /* SVPullToRefresh.h */ = {isa = PBXFileReference; fileEncoding = 4; lastKnownFileType = sourcecode.c.h; path = SVPullToRefresh.h; sourceTree = "<group>"; };
		04C6760B20116077006463BD /* UIScrollView+SVInfiniteScrolling.h */ = {isa = PBXFileReference; fileEncoding = 4; lastKnownFileType = sourcecode.c.h; path = "UIScrollView+SVInfiniteScrolling.h"; sourceTree = "<group>"; };
		04C6760C20116077006463BD /* UIScrollView+SVInfiniteScrolling.m */ = {isa = PBXFileReference; fileEncoding = 4; lastKnownFileType = sourcecode.c.objc; path = "UIScrollView+SVInfiniteScrolling.m"; sourceTree = "<group>"; };
		04C6760D20116077006463BD /* UIScrollView+SVPullToRefresh.h */ = {isa = PBXFileReference; fileEncoding = 4; lastKnownFileType = sourcecode.c.h; path = "UIScrollView+SVPullToRefresh.h"; sourceTree = "<group>"; };
		04C6760E20116077006463BD /* UIScrollView+SVPullToRefresh.m */ = {isa = PBXFileReference; fileEncoding = 4; lastKnownFileType = sourcecode.c.objc; path = "UIScrollView+SVPullToRefresh.m"; sourceTree = "<group>"; };
		04C676112011636E006463BD /* default_user.png */ = {isa = PBXFileReference; lastKnownFileType = image.png; path = default_user.png; sourceTree = "<group>"; };
		04C676122011636E006463BD /* settings.png */ = {isa = PBXFileReference; lastKnownFileType = image.png; path = settings.png; sourceTree = "<group>"; };
		04C676132011636E006463BD /* star.png */ = {isa = PBXFileReference; lastKnownFileType = image.png; path = star.png; sourceTree = "<group>"; };
		04C6761720116609006463BD /* RepositoryCell.h */ = {isa = PBXFileReference; fileEncoding = 4; lastKnownFileType = sourcecode.c.h; path = RepositoryCell.h; sourceTree = "<group>"; };
		04C6761820116609006463BD /* RepositoryCell.m */ = {isa = PBXFileReference; fileEncoding = 4; lastKnownFileType = sourcecode.c.objc; path = RepositoryCell.m; sourceTree = "<group>"; };
		04C6761920116609006463BD /* RepositoryCell.xib */ = {isa = PBXFileReference; fileEncoding = 4; lastKnownFileType = file.xib; path = RepositoryCell.xib; sourceTree = "<group>"; };
		04C6761C201167F4006463BD /* Default-568h@2x.png */ = {isa = PBXFileReference; lastKnownFileType = image.png; path = "Default-568h@2x.png"; sourceTree = "<group>"; };
		28A01F128D7B874768481B8F /* Pods-CodingChallengeHiddenFoundersTests.debug.xcconfig */ = {isa = PBXFileReference; includeInIndex = 1; lastKnownFileType = text.xcconfig; name = "Pods-CodingChallengeHiddenFoundersTests.debug.xcconfig"; path = "Pods/Target Support Files/Pods-CodingChallengeHiddenFoundersTests/Pods-CodingChallengeHiddenFoundersTests.debug.xcconfig"; sourceTree = "<group>"; };
		2CA8E6D4966F1780584072AD /* libPods-CodingChallengeHiddenFounders.a */ = {isa = PBXFileReference; explicitFileType = archive.ar; includeInIndex = 0; path = "libPods-CodingChallengeHiddenFounders.a"; sourceTree = BUILT_PRODUCTS_DIR; };
		2DBD6EABA3C101F7A3F7BE95 /* libPods-CodingChallengeHiddenFoundersTests.a */ = {isa = PBXFileReference; explicitFileType = archive.ar; includeInIndex = 0; path = "libPods-CodingChallengeHiddenFoundersTests.a"; sourceTree = BUILT_PRODUCTS_DIR; };
		3F94B7004C975DBEBEA34028 /* Pods-CodingChallengeHiddenFoundersTests.release.xcconfig */ = {isa = PBXFileReference; includeInIndex = 1; lastKnownFileType = text.xcconfig; name = "Pods-CodingChallengeHiddenFoundersTests.release.xcconfig"; path = "Pods/Target Support Files/Pods-CodingChallengeHiddenFoundersTests/Pods-CodingChallengeHiddenFoundersTests.release.xcconfig"; sourceTree = "<group>"; };
		5AA841ECBE53F4D87F159534 /* Pods-CodingChallengeHiddenFoundersUITests.debug.xcconfig */ = {isa = PBXFileReference; includeInIndex = 1; lastKnownFileType = text.xcconfig; name = "Pods-CodingChallengeHiddenFoundersUITests.debug.xcconfig"; path = "Pods/Target Support Files/Pods-CodingChallengeHiddenFoundersUITests/Pods-CodingChallengeHiddenFoundersUITests.debug.xcconfig"; sourceTree = "<group>"; };
		97CB94A67A7E61C43BEB5919 /* libPods-CodingChallengeHiddenFoundersUITests.a */ = {isa = PBXFileReference; explicitFileType = archive.ar; includeInIndex = 0; path = "libPods-CodingChallengeHiddenFoundersUITests.a"; sourceTree = BUILT_PRODUCTS_DIR; };
		9F325B20C0AD1CA2BDFEB43B /* Pods-CodingChallengeHiddenFounders.release.xcconfig */ = {isa = PBXFileReference; includeInIndex = 1; lastKnownFileType = text.xcconfig; name = "Pods-CodingChallengeHiddenFounders.release.xcconfig"; path = "Pods/Target Support Files/Pods-CodingChallengeHiddenFounders/Pods-CodingChallengeHiddenFounders.release.xcconfig"; sourceTree = "<group>"; };
		A2D4A79AB579B369FF71AE7F /* Pods-CodingChallengeHiddenFounders.debug.xcconfig */ = {isa = PBXFileReference; includeInIndex = 1; lastKnownFileType = text.xcconfig; name = "Pods-CodingChallengeHiddenFounders.debug.xcconfig"; path = "Pods/Target Support Files/Pods-CodingChallengeHiddenFounders/Pods-CodingChallengeHiddenFounders.debug.xcconfig"; sourceTree = "<group>"; };
		BC40AA14FD293DEAF78528D5 /* Pods-CodingChallengeHiddenFoundersUITests.release.xcconfig */ = {isa = PBXFileReference; includeInIndex = 1; lastKnownFileType = text.xcconfig; name = "Pods-CodingChallengeHiddenFoundersUITests.release.xcconfig"; path = "Pods/Target Support Files/Pods-CodingChallengeHiddenFoundersUITests/Pods-CodingChallengeHiddenFoundersUITests.release.xcconfig"; sourceTree = "<group>"; };
/* End PBXFileReference section */

/* Begin PBXFrameworksBuildPhase section */
		04C675B2201135B5006463BD /* Frameworks */ = {
			isa = PBXFrameworksBuildPhase;
			buildActionMask = 2147483647;
			files = (
				284E574AD4F06DB60B6D34E0 /* libPods-CodingChallengeHiddenFounders.a in Frameworks */,
			);
			runOnlyForDeploymentPostprocessing = 0;
		};
		04C675CB201135B6006463BD /* Frameworks */ = {
			isa = PBXFrameworksBuildPhase;
			buildActionMask = 2147483647;
			files = (
				928369A68ACC13E38FC51416 /* libPods-CodingChallengeHiddenFoundersTests.a in Frameworks */,
			);
			runOnlyForDeploymentPostprocessing = 0;
		};
		04C675D6201135B6006463BD /* Frameworks */ = {
			isa = PBXFrameworksBuildPhase;
			buildActionMask = 2147483647;
			files = (
				DAE50DDBACF5A2F45B02B9C9 /* libPods-CodingChallengeHiddenFoundersUITests.a in Frameworks */,
			);
			runOnlyForDeploymentPostprocessing = 0;
		};
/* End PBXFrameworksBuildPhase section */

/* Begin PBXGroup section */
		04C675AC201135B5006463BD = {
			isa = PBXGroup;
			children = (
				04C6761C201167F4006463BD /* Default-568h@2x.png */,
				04C675B7201135B5006463BD /* CodingChallengeHiddenFounders */,
				04C675D1201135B6006463BD /* CodingChallengeHiddenFoundersTests */,
				04C675DC201135B9006463BD /* CodingChallengeHiddenFoundersUITests */,
				04C675B6201135B5006463BD /* Products */,
				7417DBB84721EF1910E5EB6B /* Pods */,
				FD8F3502EA02F548AC69ED2A /* Frameworks */,
			);
			sourceTree = "<group>";
		};
		04C675B6201135B5006463BD /* Products */ = {
			isa = PBXGroup;
			children = (
				04C675B5201135B5006463BD /* CodingChallengeHiddenFounders.app */,
				04C675CE201135B6006463BD /* CodingChallengeHiddenFoundersTests.xctest */,
				04C675D9201135B7006463BD /* CodingChallengeHiddenFoundersUITests.xctest */,
			);
			name = Products;
			sourceTree = "<group>";
		};
		04C675B7201135B5006463BD /* CodingChallengeHiddenFounders */ = {
			isa = PBXGroup;
			children = (
				04C675F420113751006463BD /* Core */,
				04C675EB2011369D006463BD /* Presentation */,
				04C675BB201135B5006463BD /* AppDelegate.h */,
				04C675BC201135B5006463BD /* AppDelegate.m */,
				04C675C4201135B5006463BD /* Assets.xcassets */,
				04C675C9201135B5006463BD /* Info.plist */,
				04C675B8201135B5006463BD /* Supporting Files */,
			);
			path = CodingChallengeHiddenFounders;
			sourceTree = "<group>";
		};
		04C675B8201135B5006463BD /* Supporting Files */ = {
			isa = PBXGroup;
			children = (
				04C675B9201135B5006463BD /* main.m */,
			);
			name = "Supporting Files";
			sourceTree = "<group>";
		};
		04C675D1201135B6006463BD /* CodingChallengeHiddenFoundersTests */ = {
			isa = PBXGroup;
			children = (
				04C675D2201135B6006463BD /* CodingChallengeHiddenFoundersTests.m */,
				04C675D4201135B6006463BD /* Info.plist */,
			);
			path = CodingChallengeHiddenFoundersTests;
			sourceTree = "<group>";
		};
		04C675DC201135B9006463BD /* CodingChallengeHiddenFoundersUITests */ = {
			isa = PBXGroup;
			children = (
				04C675DD201135B9006463BD /* CodingChallengeHiddenFoundersUITests.m */,
				04C675DF201135B9006463BD /* Info.plist */,
			);
			path = CodingChallengeHiddenFoundersUITests;
			sourceTree = "<group>";
		};
		04C675EB2011369D006463BD /* Presentation */ = {
			isa = PBXGroup;
			children = (
				04C675EE201136F3006463BD /* assets */,
				04C675ED201136E3006463BD /* views */,
				04C675EC201136D0006463BD /* librairies */,
				04C675EF20113730006463BD /* FirstViewController.h */,
				04C675F020113730006463BD /* FirstViewController.m */,
				04C675F120113730006463BD /* FirstViewController.xib */,
			);
			name = Presentation;
			sourceTree = "<group>";
		};
		04C675EC201136D0006463BD /* librairies */ = {
			isa = PBXGroup;
			children = (
				04C6760A20116077006463BD /* SVPullToRefresh.h */,
				04C6760B20116077006463BD /* UIScrollView+SVInfiniteScrolling.h */,
				04C6760C20116077006463BD /* UIScrollView+SVInfiniteScrolling.m */,
				04C6760D20116077006463BD /* UIScrollView+SVPullToRefresh.h */,
				04C6760E20116077006463BD /* UIScrollView+SVPullToRefresh.m */,
			);
			name = librairies;
			sourceTree = "<group>";
		};
		04C675ED201136E3006463BD /* views */ = {
			isa = PBXGroup;
			children = (
				04C6761720116609006463BD /* RepositoryCell.h */,
				04C6761820116609006463BD /* RepositoryCell.m */,
				04C6761920116609006463BD /* RepositoryCell.xib */,
			);
			name = views;
			sourceTree = "<group>";
		};
		04C675EE201136F3006463BD /* assets */ = {
			isa = PBXGroup;
			children = (
				04C676112011636E006463BD /* default_user.png */,
				04C676122011636E006463BD /* settings.png */,
				04C676132011636E006463BD /* star.png */,
			);
			name = assets;
			sourceTree = "<group>";
		};
		04C675F420113751006463BD /* Core */ = {
			isa = PBXGroup;
			children = (
				04C675F72011377F006463BD /* Models */,
				04C675F620113772006463BD /* Services */,
				04C675F520113764006463BD /* Stores */,
			);
			name = Core;
			sourceTree = "<group>";
		};
		04C675F520113764006463BD /* Stores */ = {
			isa = PBXGroup;
			children = (
				04C675FE20115AB6006463BD /* RepositoryStore.h */,
				04C675FF20115AB6006463BD /* RepositoryStore.m */,
			);
			name = Stores;
			sourceTree = "<group>";
		};
		04C675F620113772006463BD /* Services */ = {
			isa = PBXGroup;
			children = (
				04C6760120115B2C006463BD /* BaseServices.h */,
				04C6760220115B2C006463BD /* BaseServices.m */,
				04C6760420115B55006463BD /* Constantes.h */,
				04C6760520115B55006463BD /* Constantes.m */,
				04C6760720115BAA006463BD /* RepositoriesService.h */,
				04C6760820115BAA006463BD /* RepositoriesService.m */,
			);
			name = Services;
			sourceTree = "<group>";
		};
		04C675F72011377F006463BD /* Models */ = {
			isa = PBXGroup;
			children = (
				04C675F820115A16006463BD /* User.h */,
				04C675F920115A16006463BD /* User.m */,
				04C675FB20115A2A006463BD /* Repository.h */,
				04C675FC20115A2A006463BD /* Repository.m */,
			);
			name = Models;
			sourceTree = "<group>";
		};
		7417DBB84721EF1910E5EB6B /* Pods */ = {
			isa = PBXGroup;
			children = (
				A2D4A79AB579B369FF71AE7F /* Pods-CodingChallengeHiddenFounders.debug.xcconfig */,
				9F325B20C0AD1CA2BDFEB43B /* Pods-CodingChallengeHiddenFounders.release.xcconfig */,
				28A01F128D7B874768481B8F /* Pods-CodingChallengeHiddenFoundersTests.debug.xcconfig */,
				3F94B7004C975DBEBEA34028 /* Pods-CodingChallengeHiddenFoundersTests.release.xcconfig */,
				5AA841ECBE53F4D87F159534 /* Pods-CodingChallengeHiddenFoundersUITests.debug.xcconfig */,
				BC40AA14FD293DEAF78528D5 /* Pods-CodingChallengeHiddenFoundersUITests.release.xcconfig */,
			);
			name = Pods;
			sourceTree = "<group>";
		};
		FD8F3502EA02F548AC69ED2A /* Frameworks */ = {
			isa = PBXGroup;
			children = (
				2CA8E6D4966F1780584072AD /* libPods-CodingChallengeHiddenFounders.a */,
				2DBD6EABA3C101F7A3F7BE95 /* libPods-CodingChallengeHiddenFoundersTests.a */,
				97CB94A67A7E61C43BEB5919 /* libPods-CodingChallengeHiddenFoundersUITests.a */,
			);
			name = Frameworks;
			sourceTree = "<group>";
		};
/* End PBXGroup section */

/* Begin PBXNativeTarget section */
		04C675B4201135B5006463BD /* CodingChallengeHiddenFounders */ = {
			isa = PBXNativeTarget;
			buildConfigurationList = 04C675E2201135B9006463BD /* Build configuration list for PBXNativeTarget "CodingChallengeHiddenFounders" */;
			buildPhases = (
				F3DDA1AA9B44E4BE8E072515 /* 📦 Check Pods Manifest.lock */,
				04C675B1201135B5006463BD /* Sources */,
				04C675B2201135B5006463BD /* Frameworks */,
				04C675B3201135B5006463BD /* Resources */,
				5DEC4617102223D8FD45B18E /* 📦 Embed Pods Frameworks */,
				554408BC85DD87588E5B290B /* 📦 Copy Pods Resources */,
			);
			buildRules = (
			);
			dependencies = (
			);
			name = CodingChallengeHiddenFounders;
			productName = CodingChallengeHiddenFounders;
			productReference = 04C675B5201135B5006463BD /* CodingChallengeHiddenFounders.app */;
			productType = "com.apple.product-type.application";
		};
		04C675CD201135B6006463BD /* CodingChallengeHiddenFoundersTests */ = {
			isa = PBXNativeTarget;
			buildConfigurationList = 04C675E5201135B9006463BD /* Build configuration list for PBXNativeTarget "CodingChallengeHiddenFoundersTests" */;
			buildPhases = (
				C987B465FAFC3353E06D8CA2 /* 📦 Check Pods Manifest.lock */,
				04C675CA201135B6006463BD /* Sources */,
				04C675CB201135B6006463BD /* Frameworks */,
				04C675CC201135B6006463BD /* Resources */,
				C3514292B59717837829C2A0 /* 📦 Embed Pods Frameworks */,
				3EF610E4B42323487A8F754B /* 📦 Copy Pods Resources */,
			);
			buildRules = (
			);
			dependencies = (
				04C675D0201135B6006463BD /* PBXTargetDependency */,
			);
			name = CodingChallengeHiddenFoundersTests;
			productName = CodingChallengeHiddenFoundersTests;
			productReference = 04C675CE201135B6006463BD /* CodingChallengeHiddenFoundersTests.xctest */;
			productType = "com.apple.product-type.bundle.unit-test";
		};
		04C675D8201135B6006463BD /* CodingChallengeHiddenFoundersUITests */ = {
			isa = PBXNativeTarget;
			buildConfigurationList = 04C675E8201135B9006463BD /* Build configuration list for PBXNativeTarget "CodingChallengeHiddenFoundersUITests" */;
			buildPhases = (
				4F69594E2C5C9C2EBE0B749C /* 📦 Check Pods Manifest.lock */,
				04C675D5201135B6006463BD /* Sources */,
				04C675D6201135B6006463BD /* Frameworks */,
				04C675D7201135B6006463BD /* Resources */,
				3C0C32FA98A98A1D257D2540 /* 📦 Copy Pods Resources */,
			);
			buildRules = (
			);
			dependencies = (
				04C675DB201135B7006463BD /* PBXTargetDependency */,
			);
			name = CodingChallengeHiddenFoundersUITests;
			productName = CodingChallengeHiddenFoundersUITests;
			productReference = 04C675D9201135B7006463BD /* CodingChallengeHiddenFoundersUITests.xctest */;
			productType = "com.apple.product-type.bundle.ui-testing";
		};
/* End PBXNativeTarget section */

/* Begin PBXProject section */
		04C675AD201135B5006463BD /* Project object */ = {
			isa = PBXProject;
			attributes = {
				LastUpgradeCheck = 0720;
				ORGANIZATIONNAME = rmi;
				TargetAttributes = {
					04C675B4201135B5006463BD = {
						CreatedOnToolsVersion = 7.2;
						DevelopmentTeam = DX9JHMR85W;
					};
					04C675CD201135B6006463BD = {
						CreatedOnToolsVersion = 7.2;
						DevelopmentTeam = DX9JHMR85W;
						TestTargetID = 04C675B4201135B5006463BD;
					};
					04C675D8201135B6006463BD = {
						CreatedOnToolsVersion = 7.2;
						DevelopmentTeam = DX9JHMR85W;
						TestTargetID = 04C675B4201135B5006463BD;
					};
				};
			};
			buildConfigurationList = 04C675B0201135B5006463BD /* Build configuration list for PBXProject "CodingChallengeHiddenFounders" */;
			compatibilityVersion = "Xcode 3.2";
			developmentRegion = English;
			hasScannedForEncodings = 0;
			knownRegions = (
				en,
				Base,
			);
			mainGroup = 04C675AC201135B5006463BD;
			productRefGroup = 04C675B6201135B5006463BD /* Products */;
			projectDirPath = "";
			projectRoot = "";
			targets = (
				04C675B4201135B5006463BD /* CodingChallengeHiddenFounders */,
				04C675CD201135B6006463BD /* CodingChallengeHiddenFoundersTests */,
				04C675D8201135B6006463BD /* CodingChallengeHiddenFoundersUITests */,
			);
		};
/* End PBXProject section */

/* Begin PBXResourcesBuildPhase section */
		04C675B3201135B5006463BD /* Resources */ = {
			isa = PBXResourcesBuildPhase;
			buildActionMask = 2147483647;
			files = (
				04C676152011636E006463BD /* settings.png in Resources */,
				04C676162011636E006463BD /* star.png in Resources */,
				04C675C5201135B5006463BD /* Assets.xcassets in Resources */,
				04C6761B20116609006463BD /* RepositoryCell.xib in Resources */,
				04C675F320113730006463BD /* FirstViewController.xib in Resources */,
				04C6761D201167F4006463BD /* Default-568h@2x.png in Resources */,
				04C676142011636E006463BD /* default_user.png in Resources */,
			);
			runOnlyForDeploymentPostprocessing = 0;
		};
		04C675CC201135B6006463BD /* Resources */ = {
			isa = PBXResourcesBuildPhase;
			buildActionMask = 2147483647;
			files = (
			);
			runOnlyForDeploymentPostprocessing = 0;
		};
		04C675D7201135B6006463BD /* Resources */ = {
			isa = PBXResourcesBuildPhase;
			buildActionMask = 2147483647;
			files = (
			);
			runOnlyForDeploymentPostprocessing = 0;
		};
/* End PBXResourcesBuildPhase section */

/* Begin PBXShellScriptBuildPhase section */
		3C0C32FA98A98A1D257D2540 /* 📦 Copy Pods Resources */ = {
			isa = PBXShellScriptBuildPhase;
			buildActionMask = 2147483647;
			files = (
			);
			inputPaths = (
			);
			name = "📦 Copy Pods Resources";
			outputPaths = (
			);
			runOnlyForDeploymentPostprocessing = 0;
			shellPath = /bin/sh;
			shellScript = "\"${SRCROOT}/Pods/Target Support Files/Pods-CodingChallengeHiddenFoundersUITests/Pods-CodingChallengeHiddenFoundersUITests-resources.sh\"\n";
			showEnvVarsInLog = 0;
		};
		3EF610E4B42323487A8F754B /* 📦 Copy Pods Resources */ = {
			isa = PBXShellScriptBuildPhase;
			buildActionMask = 2147483647;
			files = (
			);
			inputPaths = (
			);
			name = "📦 Copy Pods Resources";
			outputPaths = (
			);
			runOnlyForDeploymentPostprocessing = 0;
			shellPath = /bin/sh;
			shellScript = "\"${SRCROOT}/Pods/Target Support Files/Pods-CodingChallengeHiddenFoundersTests/Pods-CodingChallengeHiddenFoundersTests-resources.sh\"\n";
			showEnvVarsInLog = 0;
		};
		4F69594E2C5C9C2EBE0B749C /* 📦 Check Pods Manifest.lock */ = {
			isa = PBXShellScriptBuildPhase;
			buildActionMask = 2147483647;
			files = (
			);
			inputPaths = (
			);
			name = "📦 Check Pods Manifest.lock";
			outputPaths = (
			);
			runOnlyForDeploymentPostprocessing = 0;
			shellPath = /bin/sh;
			shellScript = "diff \"${PODS_ROOT}/../Podfile.lock\" \"${PODS_ROOT}/Manifest.lock\" > /dev/null\nif [[ $? != 0 ]] ; then\n    cat << EOM\nerror: The sandbox is not in sync with the Podfile.lock. Run 'pod install' or update your CocoaPods installation.\nEOM\n    exit 1\nfi\n";
			showEnvVarsInLog = 0;
		};
		554408BC85DD87588E5B290B /* 📦 Copy Pods Resources */ = {
			isa = PBXShellScriptBuildPhase;
			buildActionMask = 2147483647;
			files = (
			);
			inputPaths = (
			);
			name = "📦 Copy Pods Resources";
			outputPaths = (
			);
			runOnlyForDeploymentPostprocessing = 0;
			shellPath = /bin/sh;
			shellScript = "\"${SRCROOT}/Pods/Target Support Files/Pods-CodingChallengeHiddenFounders/Pods-CodingChallengeHiddenFounders-resources.sh\"\n";
			showEnvVarsInLog = 0;
		};
		5DEC4617102223D8FD45B18E /* 📦 Embed Pods Frameworks */ = {
			isa = PBXShellScriptBuildPhase;
			buildActionMask = 2147483647;
			files = (
			);
			inputPaths = (
			);
			name = "📦 Embed Pods Frameworks";
			outputPaths = (
			);
			runOnlyForDeploymentPostprocessing = 0;
			shellPath = /bin/sh;
			shellScript = "\"${SRCROOT}/Pods/Target Support Files/Pods-CodingChallengeHiddenFounders/Pods-CodingChallengeHiddenFounders-frameworks.sh\"\n";
			showEnvVarsInLog = 0;
		};
		C3514292B59717837829C2A0 /* 📦 Embed Pods Frameworks */ = {
			isa = PBXShellScriptBuildPhase;
			buildActionMask = 2147483647;
			files = (
			);
			inputPaths = (
			);
			name = "📦 Embed Pods Frameworks";
			outputPaths = (
			);
			runOnlyForDeploymentPostprocessing = 0;
			shellPath = /bin/sh;
			shellScript = "\"${SRCROOT}/Pods/Target Support Files/Pods-CodingChallengeHiddenFoundersTests/Pods-CodingChallengeHiddenFoundersTests-frameworks.sh\"\n";
			showEnvVarsInLog = 0;
		};
		C987B465FAFC3353E06D8CA2 /* 📦 Check Pods Manifest.lock */ = {
			isa = PBXShellScriptBuildPhase;
			buildActionMask = 2147483647;
			files = (
			);
			inputPaths = (
			);
			name = "📦 Check Pods Manifest.lock";
			outputPaths = (
			);
			runOnlyForDeploymentPostprocessing = 0;
			shellPath = /bin/sh;
			shellScript = "diff \"${PODS_ROOT}/../Podfile.lock\" \"${PODS_ROOT}/Manifest.lock\" > /dev/null\nif [[ $? != 0 ]] ; then\n    cat << EOM\nerror: The sandbox is not in sync with the Podfile.lock. Run 'pod install' or update your CocoaPods installation.\nEOM\n    exit 1\nfi\n";
			showEnvVarsInLog = 0;
		};
		F3DDA1AA9B44E4BE8E072515 /* 📦 Check Pods Manifest.lock */ = {
			isa = PBXShellScriptBuildPhase;
			buildActionMask = 2147483647;
			files = (
			);
			inputPaths = (
			);
			name = "📦 Check Pods Manifest.lock";
			outputPaths = (
			);
			runOnlyForDeploymentPostprocessing = 0;
			shellPath = /bin/sh;
			shellScript = "diff \"${PODS_ROOT}/../Podfile.lock\" \"${PODS_ROOT}/Manifest.lock\" > /dev/null\nif [[ $? != 0 ]] ; then\n    cat << EOM\nerror: The sandbox is not in sync with the Podfile.lock. Run 'pod install' or update your CocoaPods installation.\nEOM\n    exit 1\nfi\n";
			showEnvVarsInLog = 0;
		};
/* End PBXShellScriptBuildPhase section */

/* Begin PBXSourcesBuildPhase section */
		04C675B1201135B5006463BD /* Sources */ = {
			isa = PBXSourcesBuildPhase;
			buildActionMask = 2147483647;
			files = (
				04C6760920115BAA006463BD /* RepositoriesService.m in Sources */,
				04C6761020116077006463BD /* UIScrollView+SVPullToRefresh.m in Sources */,
				04C675FA20115A16006463BD /* User.m in Sources */,
				04C6760620115B55006463BD /* Constantes.m in Sources */,
				04C675FD20115A2A006463BD /* Repository.m in Sources */,
				04C6760F20116077006463BD /* UIScrollView+SVInfiniteScrolling.m in Sources */,
				04C675BD201135B5006463BD /* AppDelegate.m in Sources */,
				04C6760020115AB6006463BD /* RepositoryStore.m in Sources */,
				04C675F220113730006463BD /* FirstViewController.m in Sources */,
				04C6760320115B2C006463BD /* BaseServices.m in Sources */,
				04C675BA201135B5006463BD /* main.m in Sources */,
				04C6761A20116609006463BD /* RepositoryCell.m in Sources */,
			);
			runOnlyForDeploymentPostprocessing = 0;
		};
		04C675CA201135B6006463BD /* Sources */ = {
			isa = PBXSourcesBuildPhase;
			buildActionMask = 2147483647;
			files = (
				04C675D3201135B6006463BD /* CodingChallengeHiddenFoundersTests.m in Sources */,
			);
			runOnlyForDeploymentPostprocessing = 0;
		};
		04C675D5201135B6006463BD /* Sources */ = {
			isa = PBXSourcesBuildPhase;
			buildActionMask = 2147483647;
			files = (
				04C675DE201135B9006463BD /* CodingChallengeHiddenFoundersUITests.m in Sources */,
			);
			runOnlyForDeploymentPostprocessing = 0;
		};
/* End PBXSourcesBuildPhase section */

/* Begin PBXTargetDependency section */
		04C675D0201135B6006463BD /* PBXTargetDependency */ = {
			isa = PBXTargetDependency;
			target = 04C675B4201135B5006463BD /* CodingChallengeHiddenFounders */;
			targetProxy = 04C675CF201135B6006463BD /* PBXContainerItemProxy */;
		};
		04C675DB201135B7006463BD /* PBXTargetDependency */ = {
			isa = PBXTargetDependency;
			target = 04C675B4201135B5006463BD /* CodingChallengeHiddenFounders */;
			targetProxy = 04C675DA201135B7006463BD /* PBXContainerItemProxy */;
		};
/* End PBXTargetDependency section */

/* Begin XCBuildConfiguration section */
		04C675E0201135B9006463BD /* Debug */ = {
			isa = XCBuildConfiguration;
			buildSettings = {
				ALWAYS_SEARCH_USER_PATHS = NO;
				CLANG_CXX_LANGUAGE_STANDARD = "gnu++0x";
				CLANG_CXX_LIBRARY = "libc++";
				CLANG_ENABLE_MODULES = YES;
				CLANG_ENABLE_OBJC_ARC = YES;
				CLANG_WARN_BOOL_CONVERSION = YES;
				CLANG_WARN_CONSTANT_CONVERSION = YES;
				CLANG_WARN_DIRECT_OBJC_ISA_USAGE = YES_ERROR;
				CLANG_WARN_EMPTY_BODY = YES;
				CLANG_WARN_ENUM_CONVERSION = YES;
				CLANG_WARN_INT_CONVERSION = YES;
				CLANG_WARN_OBJC_ROOT_CLASS = YES_ERROR;
				CLANG_WARN_UNREACHABLE_CODE = YES;
				CLANG_WARN__DUPLICATE_METHOD_MATCH = YES;
				"CODE_SIGN_IDENTITY[sdk=iphoneos*]" = "iPhone Developer";
				COPY_PHASE_STRIP = NO;
				DEBUG_INFORMATION_FORMAT = dwarf;
				ENABLE_STRICT_OBJC_MSGSEND = YES;
				ENABLE_TESTABILITY = YES;
				GCC_C_LANGUAGE_STANDARD = gnu99;
				GCC_DYNAMIC_NO_PIC = NO;
				GCC_NO_COMMON_BLOCKS = YES;
				GCC_OPTIMIZATION_LEVEL = 0;
				GCC_PREPROCESSOR_DEFINITIONS = (
					"DEBUG=1",
					"$(inherited)",
				);
				GCC_WARN_64_TO_32_BIT_CONVERSION = YES;
				GCC_WARN_ABOUT_RETURN_TYPE = YES_ERROR;
				GCC_WARN_UNDECLARED_SELECTOR = YES;
				GCC_WARN_UNINITIALIZED_AUTOS = YES_AGGRESSIVE;
				GCC_WARN_UNUSED_FUNCTION = YES;
				GCC_WARN_UNUSED_VARIABLE = YES;
				IPHONEOS_DEPLOYMENT_TARGET = 9.2;
				MTL_ENABLE_DEBUG_INFO = YES;
				ONLY_ACTIVE_ARCH = YES;
				SDKROOT = iphoneos;
				TARGETED_DEVICE_FAMILY = "1,2";
			};
			name = Debug;
		};
		04C675E1201135B9006463BD /* Release */ = {
			isa = XCBuildConfiguration;
			buildSettings = {
				ALWAYS_SEARCH_USER_PATHS = NO;
				CLANG_CXX_LANGUAGE_STANDARD = "gnu++0x";
				CLANG_CXX_LIBRARY = "libc++";
				CLANG_ENABLE_MODULES = YES;
				CLANG_ENABLE_OBJC_ARC = YES;
				CLANG_WARN_BOOL_CONVERSION = YES;
				CLANG_WARN_CONSTANT_CONVERSION = YES;
				CLANG_WARN_DIRECT_OBJC_ISA_USAGE = YES_ERROR;
				CLANG_WARN_EMPTY_BODY = YES;
				CLANG_WARN_ENUM_CONVERSION = YES;
				CLANG_WARN_INT_CONVERSION = YES;
				CLANG_WARN_OBJC_ROOT_CLASS = YES_ERROR;
				CLANG_WARN_UNREACHABLE_CODE = YES;
				CLANG_WARN__DUPLICATE_METHOD_MATCH = YES;
				"CODE_SIGN_IDENTITY[sdk=iphoneos*]" = "iPhone Developer";
				COPY_PHASE_STRIP = NO;
				DEBUG_INFORMATION_FORMAT = "dwarf-with-dsym";
				ENABLE_NS_ASSERTIONS = NO;
				ENABLE_STRICT_OBJC_MSGSEND = YES;
				GCC_C_LANGUAGE_STANDARD = gnu99;
				GCC_NO_COMMON_BLOCKS = YES;
				GCC_WARN_64_TO_32_BIT_CONVERSION = YES;
				GCC_WARN_ABOUT_RETURN_TYPE = YES_ERROR;
				GCC_WARN_UNDECLARED_SELECTOR = YES;
				GCC_WARN_UNINITIALIZED_AUTOS = YES_AGGRESSIVE;
				GCC_WARN_UNUSED_FUNCTION = YES;
				GCC_WARN_UNUSED_VARIABLE = YES;
				IPHONEOS_DEPLOYMENT_TARGET = 9.2;
				MTL_ENABLE_DEBUG_INFO = NO;
				SDKROOT = iphoneos;
				TARGETED_DEVICE_FAMILY = "1,2";
				VALIDATE_PRODUCT = YES;
			};
			name = Release;
		};
		04C675E3201135B9006463BD /* Debug */ = {
			isa = XCBuildConfiguration;
			baseConfigurationReference = A2D4A79AB579B369FF71AE7F /* Pods-CodingChallengeHiddenFounders.debug.xcconfig */;
			buildSettings = {
				ASSETCATALOG_COMPILER_APPICON_NAME = AppIcon;
				INFOPLIST_FILE = CodingChallengeHiddenFounders/Info.plist;
				LD_RUNPATH_SEARCH_PATHS = "$(inherited) @executable_path/Frameworks";
				PRODUCT_BUNDLE_IDENTIFIER = rmi.CodingChallengeHiddenFounders;
				PRODUCT_NAME = "$(TARGET_NAME)";
			};
			name = Debug;
		};
		04C675E4201135B9006463BD /* Release */ = {
			isa = XCBuildConfiguration;
			baseConfigurationReference = 9F325B20C0AD1CA2BDFEB43B /* Pods-CodingChallengeHiddenFounders.release.xcconfig */;
			buildSettings = {
				ASSETCATALOG_COMPILER_APPICON_NAME = AppIcon;
				INFOPLIST_FILE = CodingChallengeHiddenFounders/Info.plist;
				LD_RUNPATH_SEARCH_PATHS = "$(inherited) @executable_path/Frameworks";
				PRODUCT_BUNDLE_IDENTIFIER = rmi.CodingChallengeHiddenFounders;
				PRODUCT_NAME = "$(TARGET_NAME)";
			};
			name = Release;
		};
		04C675E6201135B9006463BD /* Debug */ = {
			isa = XCBuildConfiguration;
			baseConfigurationReference = 28A01F128D7B874768481B8F /* Pods-CodingChallengeHiddenFoundersTests.debug.xcconfig */;
			buildSettings = {
				BUNDLE_LOADER = "$(TEST_HOST)";
				INFOPLIST_FILE = CodingChallengeHiddenFoundersTests/Info.plist;
				LD_RUNPATH_SEARCH_PATHS = "$(inherited) @executable_path/Frameworks @loader_path/Frameworks";
				PRODUCT_BUNDLE_IDENTIFIER = rmi.CodingChallengeHiddenFoundersTests;
				PRODUCT_NAME = "$(TARGET_NAME)";
				TEST_HOST = "$(BUILT_PRODUCTS_DIR)/CodingChallengeHiddenFounders.app/CodingChallengeHiddenFounders";
			};
			name = Debug;
		};
		04C675E7201135B9006463BD /* Release */ = {
			isa = XCBuildConfiguration;
			baseConfigurationReference = 3F94B7004C975DBEBEA34028 /* Pods-CodingChallengeHiddenFoundersTests.release.xcconfig */;
			buildSettings = {
				BUNDLE_LOADER = "$(TEST_HOST)";
				INFOPLIST_FILE = CodingChallengeHiddenFoundersTests/Info.plist;
				LD_RUNPATH_SEARCH_PATHS = "$(inherited) @executable_path/Frameworks @loader_path/Frameworks";
				PRODUCT_BUNDLE_IDENTIFIER = rmi.CodingChallengeHiddenFoundersTests;
				PRODUCT_NAME = "$(TARGET_NAME)";
				TEST_HOST = "$(BUILT_PRODUCTS_DIR)/CodingChallengeHiddenFounders.app/CodingChallengeHiddenFounders";
			};
			name = Release;
		};
		04C675E9201135B9006463BD /* Debug */ = {
			isa = XCBuildConfiguration;
			baseConfigurationReference = 5AA841ECBE53F4D87F159534 /* Pods-CodingChallengeHiddenFoundersUITests.debug.xcconfig */;
			buildSettings = {
				INFOPLIST_FILE = CodingChallengeHiddenFoundersUITests/Info.plist;
				LD_RUNPATH_SEARCH_PATHS = "$(inherited) @executable_path/Frameworks @loader_path/Frameworks";
				PRODUCT_BUNDLE_IDENTIFIER = rmi.CodingChallengeHiddenFoundersUITests;
				PRODUCT_NAME = "$(TARGET_NAME)";
				TEST_TARGET_NAME = CodingChallengeHiddenFounders;
				USES_XCTRUNNER = YES;
			};
			name = Debug;
		};
		04C675EA201135B9006463BD /* Release */ = {
			isa = XCBuildConfiguration;
			baseConfigurationReference = BC40AA14FD293DEAF78528D5 /* Pods-CodingChallengeHiddenFoundersUITests.release.xcconfig */;
			buildSettings = {
				INFOPLIST_FILE = CodingChallengeHiddenFoundersUITests/Info.plist;
				LD_RUNPATH_SEARCH_PATHS = "$(inherited) @executable_path/Frameworks @loader_path/Frameworks";
				PRODUCT_BUNDLE_IDENTIFIER = rmi.CodingChallengeHiddenFoundersUITests;
				PRODUCT_NAME = "$(TARGET_NAME)";
				TEST_TARGET_NAME = CodingChallengeHiddenFounders;
				USES_XCTRUNNER = YES;
			};
			name = Release;
		};
/* End XCBuildConfiguration section */

/* Begin XCConfigurationList section */
		04C675B0201135B5006463BD /* Build configuration list for PBXProject "CodingChallengeHiddenFounders" */ = {
			isa = XCConfigurationList;
			buildConfigurations = (
				04C675E0201135B9006463BD /* Debug */,
				04C675E1201135B9006463BD /* Release */,
			);
			defaultConfigurationIsVisible = 0;
			defaultConfigurationName = Release;
		};
		04C675E2201135B9006463BD /* Build configuration list for PBXNativeTarget "CodingChallengeHiddenFounders" */ = {
			isa = XCConfigurationList;
			buildConfigurations = (
				04C675E3201135B9006463BD /* Debug */,
				04C675E4201135B9006463BD /* Release */,
			);
			defaultConfigurationIsVisible = 0;
			defaultConfigurationName = Release;
		};
		04C675E5201135B9006463BD /* Build configuration list for PBXNativeTarget "CodingChallengeHiddenFoundersTests" */ = {
			isa = XCConfigurationList;
			buildConfigurations = (
				04C675E6201135B9006463BD /* Debug */,
				04C675E7201135B9006463BD /* Release */,
			);
			defaultConfigurationIsVisible = 0;
			defaultConfigurationName = Release;
		};
		04C675E8201135B9006463BD /* Build configuration list for PBXNativeTarget "CodingChallengeHiddenFoundersUITests" */ = {
			isa = XCConfigurationList;
			buildConfigurations = (
				04C675E9201135B9006463BD /* Debug */,
				04C675EA201135B9006463BD /* Release */,
			);
			defaultConfigurationIsVisible = 0;
			defaultConfigurationName = Release;
		};
/* End XCConfigurationList section */
	};
	rootObject = 04C675AD201135B5006463BD /* Project object */;
}
